Microsoft Visual Studio Solution File, Format Version 12.00
# Visual Studio Version 17
VisualStudioVersion = 17.5.2.0
MinimumVisualStudioVersion = 10.0.40219.1
Project("{FAE04EC0-301F-11D3-BF4B-00C04F79EFBC}") = "i4p_informatikai_kft_feladat_megoldas", "i4p_informatikai_kft_feladat_megoldas.csproj", "{EFD163C0-11CB-15D0-CEE3-5CA6EB96525F}"
EndProject
Global
	GlobalSection(SolutionConfigurationPlatforms) = preSolution
		Debug|Any CPU = Debug|Any CPU
		Release|Any CPU = Release|Any CPU
	EndGlobalSection
	GlobalSection(ProjectConfigurationPlatforms) = postSolution
		{EFD163C0-11CB-15D0-CEE3-5CA6EB96525F}.Debug|Any CPU.ActiveCfg = Debug|Any CPU
		{EFD163C0-11CB-15D0-CEE3-5CA6EB96525F}.Debug|Any CPU.Build.0 = Debug|Any CPU
		{EFD163C0-11CB-15D0-CEE3-5CA6EB96525F}.Release|Any CPU.ActiveCfg = Release|Any CPU
		{EFD163C0-11CB-15D0-CEE3-5CA6EB96525F}.Release|Any CPU.Build.0 = Release|Any CPU
	EndGlobalSection
	GlobalSection(SolutionProperties) = preSolution
		HideSolutionNode = FALSE
	EndGlobalSection
	GlobalSection(ExtensibilityGlobals) = postSolution
		SolutionGuid = {90BD787B-592E-4DE0-8326-28C517B88F5E}
	EndGlobalSection
EndGlobal
